
Microsoft Visual Studio Solution File, Format Version 12.00
# Visual Studio Version 17
VisualStudioVersion = 17.8.34511.84
MinimumVisualStudioVersion = 10.0.40219.1
Project("{FAE04EC0-301F-11D3-BF4B-00C04F79EFBC}") = "SegundaPracticaFundamentos", "SegundaPracticaFundamentos\SegundaPracticaFundamentos.csproj", "{55C85DC0-C19F-4A1D-908C-8E4879D0FA02}"
EndProject
Global
	GlobalSection(SolutionConfigurationPlatforms) = preSolution
		Debug|Any CPU = Debug|Any CPU
		Release|Any CPU = Release|Any CPU
	EndGlobalSection
	GlobalSection(ProjectConfigurationPlatforms) = postSolution
		{55C85DC0-C19F-4A1D-908C-8E4879D0FA02}.Debug|Any CPU.ActiveCfg = Debug|Any CPU
		{55C85DC0-C19F-4A1D-908C-8E4879D0FA02}.Debug|Any CPU.Build.0 = Debug|Any CPU
		{55C85DC0-C19F-4A1D-908C-8E4879D0FA02}.Release|Any CPU.ActiveCfg = Release|Any CPU
		{55C85DC0-C19F-4A1D-908C-8E4879D0FA02}.Release|Any CPU.Build.0 = Release|Any CPU
	EndGlobalSection
	GlobalSection(SolutionProperties) = preSolution
		HideSolutionNode = FALSE
	EndGlobalSection
	GlobalSection(ExtensibilityGlobals) = postSolution
		SolutionGuid = {5422A966-E27A-4D32-B3A8-BC0EE9A65642}
	EndGlobalSection
EndGlobal
